{
  "name": "stats",
  "version": "1.0.0",
  "lockfileVersion": 2,
  "requires": true,
  "packages": {
    "": {
      "name": "stats",
      "version": "1.0.0",
      "license": "ISC",
      "dependencies": {
        "simple-statistics": "^7.7.6"
      }
    },
    "node_modules/simple-statistics": {
      "version": "7.7.6",
      "resolved": "https://registry.npmjs.org/simple-statistics/-/simple-statistics-7.7.6.tgz",
      "integrity": "sha512-r1wIPpBsJ9/H2GdXiYfc06o7Rw4xvhtxwO/dMVSbcjmS3ayc43II1quxG7YD1wql2tr6a2Cm8aWKMnFkuNrj6A==",
      "engines": {
        "node": "*"
      }
    }
  },
  "dependencies": {
    "simple-statistics": {
      "version": "7.7.6",
      "resolved": "https://registry.npmjs.org/simple-statistics/-/simple-statistics-7.7.6.tgz",
      "integrity": "sha512-r1wIPpBsJ9/H2GdXiYfc06o7Rw4xvhtxwO/dMVSbcjmS3ayc43II1quxG7YD1wql2tr6a2Cm8aWKMnFkuNrj6A=="
    }
  }
}
